
Microsoft Visual Studio Solution File, Format Version 12.00
# Visual Studio Version 17
VisualStudioVersion = 17.10.35013.160
MinimumVisualStudioVersion = 10.0.40219.1
Project("{9A19103F-16F7-4668-BE54-9A1E7A4F7556}") = "ServerManagement", "ServerManagement\ServerManagement.csproj", "{B68A16E3-8A7B-469D-B5D8-C602156FD9EB}"
EndProject
Global
	GlobalSection(SolutionConfigurationPlatforms) = preSolution
		Debug|Any CPU = Debug|Any CPU
		Release|Any CPU = Release|Any CPU
	EndGlobalSection
	GlobalSection(ProjectConfigurationPlatforms) = postSolution
		{B68A16E3-8A7B-469D-B5D8-C602156FD9EB}.Debug|Any CPU.ActiveCfg = Debug|Any CPU
		{B68A16E3-8A7B-469D-B5D8-C602156FD9EB}.Debug|Any CPU.Build.0 = Debug|Any CPU
		{B68A16E3-8A7B-469D-B5D8-C602156FD9EB}.Release|Any CPU.ActiveCfg = Release|Any CPU
		{B68A16E3-8A7B-469D-B5D8-C602156FD9EB}.Release|Any CPU.Build.0 = Release|Any CPU
	EndGlobalSection
	GlobalSection(SolutionProperties) = preSolution
		HideSolutionNode = FALSE
	EndGlobalSection
	GlobalSection(ExtensibilityGlobals) = postSolution
		SolutionGuid = {D9674266-ACB2-48D1-ACA8-F34F51B1FF9F}
	EndGlobalSection
EndGlobal
